// !$*UTF8*$!
{
	archiveVersion = 1;
	classes = {
	};
	objectVersion = 50;
	objects = {

/* Begin PBXBuildFile section */
		3D6B19A2230DEA62009E96C6 /* AppDelegate.swift in Sources */ = {isa = PBXBuildFile; fileRef = 3D6B19A1230DEA62009E96C6 /* AppDelegate.swift */; };
		3D6B19A4230DEA62009E96C6 /* ViewController.swift in Sources */ = {isa = PBXBuildFile; fileRef = 3D6B19A3230DEA62009E96C6 /* ViewController.swift */; };
		3D6B19A7230DEA62009E96C6 /* Main.storyboard in Resources */ = {isa = PBXBuildFile; fileRef = 3D6B19A5230DEA62009E96C6 /* Main.storyboard */; };
		3D6B19A9230DEA65009E96C6 /* Assets.xcassets in Resources */ = {isa = PBXBuildFile; fileRef = 3D6B19A8230DEA65009E96C6 /* Assets.xcassets */; };
		3D6B19AC230DEA65009E96C6 /* LaunchScreen.storyboard in Resources */ = {isa = PBXBuildFile; fileRef = 3D6B19AA230DEA65009E96C6 /* LaunchScreen.storyboard */; };
		3D6B19B7230DEA65009E96C6 /* SonidoTests.swift in Sources */ = {isa = PBXBuildFile; fileRef = 3D6B19B6230DEA65009E96C6 /* SonidoTests.swift */; };
		3D6B19C2230DEA65009E96C6 /* SonidoUITests.swift in Sources */ = {isa = PBXBuildFile; fileRef = 3D6B19C1230DEA65009E96C6 /* SonidoUITests.swift */; };
		3D6B19D0230DEC81009E96C6 /* Dream More Than Love.mp3 in Resources */ = {isa = PBXBuildFile; fileRef = 3D6B19CF230DEC81009E96C6 /* Dream More Than Love.mp3 */; };
/* End PBXBuildFile section */

/* Begin PBXContainerItemProxy section */
		3D6B19B3230DEA65009E96C6 /* PBXContainerItemProxy */ = {
			isa = PBXContainerItemProxy;
			containerPortal = 3D6B1996230DEA62009E96C6 /* Project object */;
			proxyType = 1;
			remoteGlobalIDString = 3D6B199D230DEA62009E96C6;
			remoteInfo = Sonido;
		};
		3D6B19BE230DEA65009E96C6 /* PBXContainerItemProxy */ = {
			isa = PBXContainerItemProxy;
			containerPortal = 3D6B1996230DEA62009E96C6 /* Project object */;
			proxyType = 1;
			remoteGlobalIDString = 3D6B199D230DEA62009E96C6;
			remoteInfo = Sonido;
		};
/* End PBXContainerItemProxy section */

/* Begin PBXFileReference section */
		3D6B199E230DEA62009E96C6 /* Sonido.app */ = {isa = PBXFileReference; explicitFileType = wrapper.application; includeInIndex = 0; path = Sonido.app; sourceTree = BUILT_PRODUCTS_DIR; };
		3D6B19A1230DEA62009E96C6 /* AppDelegate.swift */ = {isa = PBXFileReference; lastKnownFileType = sourcecode.swift; path = AppDelegate.swift; sourceTree = "<group>"; };
		3D6B19A3230DEA62009E96C6 /* ViewController.swift */ = {isa = PBXFileReference; lastKnownFileType = sourcecode.swift; path = ViewController.swift; sourceTree = "<group>"; };
		3D6B19A6230DEA62009E96C6 /* Base */ = {isa = PBXFileReference; lastKnownFileType = file.storyboard; name = Base; path = Base.lproj/Main.storyboard; sourceTree = "<group>"; };
		3D6B19A8230DEA65009E96C6 /* Assets.xcassets */ = {isa = PBXFileReference; lastKnownFileType = folder.assetcatalog; path = Assets.xcassets; sourceTree = "<group>"; };
		3D6B19AB230DEA65009E96C6 /* Base */ = {isa = PBXFileReference; lastKnownFileType = file.storyboard; name = Base; path = Base.lproj/LaunchScreen.storyboard; sourceTree = "<group>"; };
		3D6B19AD230DEA65009E96C6 /* Info.plist */ = {isa = PBXFileReference; lastKnownFileType = text.plist.xml; path = Info.plist; sourceTree = "<group>"; };
		3D6B19B2230DEA65009E96C6 /* SonidoTests.xctest */ = {isa = PBXFileReference; explicitFileType = wrapper.cfbundle; includeInIndex = 0; path = SonidoTests.xctest; sourceTree = BUILT_PRODUCTS_DIR; };
		3D6B19B6230DEA65009E96C6 /* SonidoTests.swift */ = {isa = PBXFileReference; lastKnownFileType = sourcecode.swift; path = SonidoTests.swift; sourceTree = "<group>"; };
		3D6B19B8230DEA65009E96C6 /* Info.plist */ = {isa = PBXFileReference; lastKnownFileType = text.plist.xml; path = Info.plist; sourceTree = "<group>"; };
		3D6B19BD230DEA65009E96C6 /* SonidoUITests.xctest */ = {isa = PBXFileReference; explicitFileType = wrapper.cfbundle; includeInIndex = 0; path = SonidoUITests.xctest; sourceTree = BUILT_PRODUCTS_DIR; };
		3D6B19C1230DEA65009E96C6 /* SonidoUITests.swift */ = {isa = PBXFileReference; lastKnownFileType = sourcecode.swift; path = SonidoUITests.swift; sourceTree = "<group>"; };
		3D6B19C3230DEA65009E96C6 /* Info.plist */ = {isa = PBXFileReference; lastKnownFileType = text.plist.xml; path = Info.plist; sourceTree = "<group>"; };
		3D6B19CF230DEC81009E96C6 /* Dream More Than Love.mp3 */ = {isa = PBXFileReference; lastKnownFileType = audio.mp3; path = "Dream More Than Love.mp3"; sourceTree = "<group>"; };
/* End PBXFileReference section */

/* Begin PBXFrameworksBuildPhase section */
		3D6B199B230DEA62009E96C6 /* Frameworks */ = {
			isa = PBXFrameworksBuildPhase;
			buildActionMask = 2147483647;
			files = (
			);
			runOnlyForDeploymentPostprocessing = 0;
		};
		3D6B19AF230DEA65009E96C6 /* Frameworks */ = {
			isa = PBXFrameworksBuildPhase;
			buildActionMask = 2147483647;
			files = (
			);
			runOnlyForDeploymentPostprocessing = 0;
		};
		3D6B19BA230DEA65009E96C6 /* Frameworks */ = {
			isa = PBXFrameworksBuildPhase;
			buildActionMask = 2147483647;
			files = (
			);
			runOnlyForDeploymentPostprocessing = 0;
		};
/* End PBXFrameworksBuildPhase section */

/* Begin PBXGroup section */
		3D6B1995230DEA62009E96C6 = {
			isa = PBXGroup;
			children = (
				3D6B19A0230DEA62009E96C6 /* Sonido */,
				3D6B19B5230DEA65009E96C6 /* SonidoTests */,
				3D6B19C0230DEA65009E96C6 /* SonidoUITests */,
				3D6B199F230DEA62009E96C6 /* Products */,
			);
			sourceTree = "<group>";
		};
		3D6B199F230DEA62009E96C6 /* Products */ = {
			isa = PBXGroup;
			children = (
				3D6B199E230DEA62009E96C6 /* Sonido.app */,
				3D6B19B2230DEA65009E96C6 /* SonidoTests.xctest */,
				3D6B19BD230DEA65009E96C6 /* SonidoUITests.xctest */,
			);
			name = Products;
			sourceTree = "<group>";
		};
		3D6B19A0230DEA62009E96C6 /* Sonido */ = {
			isa = PBXGroup;
			children = (
				3D6B19CF230DEC81009E96C6 /* Dream More Than Love.mp3 */,
				3D6B19A1230DEA62009E96C6 /* AppDelegate.swift */,
				3D6B19A3230DEA62009E96C6 /* ViewController.swift */,
				3D6B19A5230DEA62009E96C6 /* Main.storyboard */,
				3D6B19A8230DEA65009E96C6 /* Assets.xcassets */,
				3D6B19AA230DEA65009E96C6 /* LaunchScreen.storyboard */,
				3D6B19AD230DEA65009E96C6 /* Info.plist */,
			);
			path = Sonido;
			sourceTree = "<group>";
		};
		3D6B19B5230DEA65009E96C6 /* SonidoTests */ = {
			isa = PBXGroup;
			children = (
				3D6B19B6230DEA65009E96C6 /* SonidoTests.swift */,
				3D6B19B8230DEA65009E96C6 /* Info.plist */,
			);
			path = SonidoTests;
			sourceTree = "<group>";
		};
		3D6B19C0230DEA65009E96C6 /* SonidoUITests */ = {
			isa = PBXGroup;
			children = (
				3D6B19C1230DEA65009E96C6 /* SonidoUITests.swift */,
				3D6B19C3230DEA65009E96C6 /* Info.plist */,
			);
			path = SonidoUITests;
			sourceTree = "<group>";
		};
/* End PBXGroup section */

/* Begin PBXNativeTarget section */
		3D6B199D230DEA62009E96C6 /* Sonido */ = {
			isa = PBXNativeTarget;
			buildConfigurationList = 3D6B19C6230DEA65009E96C6 /* Build configuration list for PBXNativeTarget "Sonido" */;
			buildPhases = (
				3D6B199A230DEA62009E96C6 /* Sources */,
				3D6B199B230DEA62009E96C6 /* Frameworks */,
				3D6B199C230DEA62009E96C6 /* Resources */,
			);
			buildRules = (
			);
			dependencies = (
			);
			name = Sonido;
			productName = Sonido;
			productReference = 3D6B199E230DEA62009E96C6 /* Sonido.app */;
			productType = "com.apple.product-type.application";
		};
		3D6B19B1230DEA65009E96C6 /* SonidoTests */ = {
			isa = PBXNativeTarget;
			buildConfigurationList = 3D6B19C9230DEA65009E96C6 /* Build configuration list for PBXNativeTarget "SonidoTests" */;
			buildPhases = (
				3D6B19AE230DEA65009E96C6 /* Sources */,
				3D6B19AF230DEA65009E96C6 /* Frameworks */,
				3D6B19B0230DEA65009E96C6 /* Resources */,
			);
			buildRules = (
			);
			dependencies = (
				3D6B19B4230DEA65009E96C6 /* PBXTargetDependency */,
			);
			name = SonidoTests;
			productName = SonidoTests;
			productReference = 3D6B19B2230DEA65009E96C6 /* SonidoTests.xctest */;
			productType = "com.apple.product-type.bundle.unit-test";
		};
		3D6B19BC230DEA65009E96C6 /* SonidoUITests */ = {
			isa = PBXNativeTarget;
			buildConfigurationList = 3D6B19CC230DEA65009E96C6 /* Build configuration list for PBXNativeTarget "SonidoUITests" */;
			buildPhases = (
				3D6B19B9230DEA65009E96C6 /* Sources */,
				3D6B19BA230DEA65009E96C6 /* Frameworks */,
				3D6B19BB230DEA65009E96C6 /* Resources */,
			);
			buildRules = (
			);
			dependencies = (
				3D6B19BF230DEA65009E96C6 /* PBXTargetDependency */,
			);
			name = SonidoUITests;
			productName = SonidoUITests;
			productReference = 3D6B19BD230DEA65009E96C6 /* SonidoUITests.xctest */;
			productType = "com.apple.product-type.bundle.ui-testing";
		};
/* End PBXNativeTarget section */

/* Begin PBXProject section */
		3D6B1996230DEA62009E96C6 /* Project object */ = {
			isa = PBXProject;
			attributes = {
				LastSwiftUpdateCheck = 0940;
				LastUpgradeCheck = 0940;
				ORGANIZATIONNAME = Alumno;
				TargetAttributes = {
					3D6B199D230DEA62009E96C6 = {
						CreatedOnToolsVersion = 9.4.1;
					};
					3D6B19B1230DEA65009E96C6 = {
						CreatedOnToolsVersion = 9.4.1;
						TestTargetID = 3D6B199D230DEA62009E96C6;
					};
					3D6B19BC230DEA65009E96C6 = {
						CreatedOnToolsVersion = 9.4.1;
						TestTargetID = 3D6B199D230DEA62009E96C6;
					};
				};
			};
			buildConfigurationList = 3D6B1999230DEA62009E96C6 /* Build configuration list for PBXProject "Sonido" */;
			compatibilityVersion = "Xcode 9.3";
			developmentRegion = en;
			hasScannedForEncodings = 0;
			knownRegions = (
				en,
				Base,
			);
			mainGroup = 3D6B1995230DEA62009E96C6;
			productRefGroup = 3D6B199F230DEA62009E96C6 /* Products */;
			projectDirPath = "";
			projectRoot = "";
			targets = (
				3D6B199D230DEA62009E96C6 /* Sonido */,
				3D6B19B1230DEA65009E96C6 /* SonidoTests */,
				3D6B19BC230DEA65009E96C6 /* SonidoUITests */,
			);
		};
/* End PBXProject section */

/* Begin PBXResourcesBuildPhase section */
		3D6B199C230DEA62009E96C6 /* Resources */ = {
			isa = PBXResourcesBuildPhase;
			buildActionMask = 2147483647;
			files = (
				3D6B19AC230DEA65009E96C6 /* LaunchScreen.storyboard in Resources */,
				3D6B19A9230DEA65009E96C6 /* Assets.xcassets in Resources */,
				3D6B19A7230DEA62009E96C6 /* Main.storyboard in Resources */,
				3D6B19D0230DEC81009E96C6 /* Dream More Than Love.mp3 in Resources */,
			);
			runOnlyForDeploymentPostprocessing = 0;
		};
		3D6B19B0230DEA65009E96C6 /* Resources */ = {
			isa = PBXResourcesBuildPhase;
			buildActionMask = 2147483647;
			files = (
			);
			runOnlyForDeploymentPostprocessing = 0;
		};
		3D6B19BB230DEA65009E96C6 /* Resources */ = {
			isa = PBXResourcesBuildPhase;
			buildActionMask = 2147483647;
			files = (
			);
			runOnlyForDeploymentPostprocessing = 0;
		};
/* End PBXResourcesBuildPhase section */

/* Begin PBXSourcesBuildPhase section */
		3D6B199A230DEA62009E96C6 /* Sources */ = {
			isa = PBXSourcesBuildPhase;
			buildActionMask = 2147483647;
			files = (
				3D6B19A4230DEA62009E96C6 /* ViewController.swift in Sources */,
				3D6B19A2230DEA62009E96C6 /* AppDelegate.swift in Sources */,
			);
			runOnlyForDeploymentPostprocessing = 0;
		};
		3D6B19AE230DEA65009E96C6 /* Sources */ = {
			isa = PBXSourcesBuildPhase;
			buildActionMask = 2147483647;
			files = (
				3D6B19B7230DEA65009E96C6 /* SonidoTests.swift in Sources */,
			);
			runOnlyForDeploymentPostprocessing = 0;
		};
		3D6B19B9230DEA65009E96C6 /* Sources */ = {
			isa = PBXSourcesBuildPhase;
			buildActionMask = 2147483647;
			files = (
				3D6B19C2230DEA65009E96C6 /* SonidoUITests.swift in Sources */,
			);
			runOnlyForDeploymentPostprocessing = 0;
		};
/* End PBXSourcesBuildPhase section */

/* Begin PBXTargetDependency section */
		3D6B19B4230DEA65009E96C6 /* PBXTargetDependency */ = {
			isa = PBXTargetDependency;
			target = 3D6B199D230DEA62009E96C6 /* Sonido */;
			targetProxy = 3D6B19B3230DEA65009E96C6 /* PBXContainerItemProxy */;
		};
		3D6B19BF230DEA65009E96C6 /* PBXTargetDependency */ = {
			isa = PBXTargetDependency;
			target = 3D6B199D230DEA62009E96C6 /* Sonido */;
			targetProxy = 3D6B19BE230DEA65009E96C6 /* PBXContainerItemProxy */;
		};
/* End PBXTargetDependency section */

/* Begin PBXVariantGroup section */
		3D6B19A5230DEA62009E96C6 /* Main.storyboard */ = {
			isa = PBXVariantGroup;
			children = (
				3D6B19A6230DEA62009E96C6 /* Base */,
			);
			name = Main.storyboard;
			sourceTree = "<group>";
		};
		3D6B19AA230DEA65009E96C6 /* LaunchScreen.storyboard */ = {
			isa = PBXVariantGroup;
			children = (
				3D6B19AB230DEA65009E96C6 /* Base */,
			);
			name = LaunchScreen.storyboard;
			sourceTree = "<group>";
		};
/* End PBXVariantGroup section */

/* Begin XCBuildConfiguration section */
		3D6B19C4230DEA65009E96C6 /* Debug */ = {
			isa = XCBuildConfiguration;
			buildSettings = {
				ALWAYS_SEARCH_USER_PATHS = NO;
				CLANG_ANALYZER_NONNULL = YES;
				CLANG_ANALYZER_NUMBER_OBJECT_CONVERSION = YES_AGGRESSIVE;
				CLANG_CXX_LANGUAGE_STANDARD = "gnu++14";
				CLANG_CXX_LIBRARY = "libc++";
				CLANG_ENABLE_MODULES = YES;
				CLANG_ENABLE_OBJC_ARC = YES;
				CLANG_ENABLE_OBJC_WEAK = YES;
				CLANG_WARN_BLOCK_CAPTURE_AUTORELEASING = YES;
				CLANG_WARN_BOOL_CONVERSION = YES;
				CLANG_WARN_COMMA = YES;
				CLANG_WARN_CONSTANT_CONVERSION = YES;
				CLANG_WARN_DEPRECATED_OBJC_IMPLEMENTATIONS = YES;
				CLANG_WARN_DIRECT_OBJC_ISA_USAGE = YES_ERROR;
				CLANG_WARN_DOCUMENTATION_COMMENTS = YES;
				CLANG_WARN_EMPTY_BODY = YES;
				CLANG_WARN_ENUM_CONVERSION = YES;
				CLANG_WARN_INFINITE_RECURSION = YES;
				CLANG_WARN_INT_CONVERSION = YES;
				CLANG_WARN_NON_LITERAL_NULL_CONVERSION = YES;
				CLANG_WARN_OBJC_IMPLICIT_RETAIN_SELF = YES;
				CLANG_WARN_OBJC_LITERAL_CONVERSION = YES;
				CLANG_WARN_OBJC_ROOT_CLASS = YES_ERROR;
				CLANG_WARN_RANGE_LOOP_ANALYSIS = YES;
				CLANG_WARN_STRICT_PROTOTYPES = YES;
				CLANG_WARN_SUSPICIOUS_MOVE = YES;
				CLANG_WARN_UNGUARDED_AVAILABILITY = YES_AGGRESSIVE;
				CLANG_WARN_UNREACHABLE_CODE = YES;
				CLANG_WARN__DUPLICATE_METHOD_MATCH = YES;
				CODE_SIGN_IDENTITY = "iPhone Developer";
				COPY_PHASE_STRIP = NO;
				DEBUG_INFORMATION_FORMAT = dwarf;
				ENABLE_STRICT_OBJC_MSGSEND = YES;
				ENABLE_TESTABILITY = YES;
				GCC_C_LANGUAGE_STANDARD = gnu11;
				GCC_DYNAMIC_NO_PIC = NO;
				GCC_NO_COMMON_BLOCKS = YES;
				GCC_OPTIMIZATION_LEVEL = 0;
				GCC_PREPROCESSOR_DEFINITIONS = (
					"DEBUG=1",
					"$(inherited)",
				);
				GCC_WARN_64_TO_32_BIT_CONVERSION = YES;
				GCC_WARN_ABOUT_RETURN_TYPE = YES_ERROR;
				GCC_WARN_UNDECLARED_SELECTOR = YES;
				GCC_WARN_UNINITIALIZED_AUTOS = YES_AGGRESSIVE;
				GCC_WARN_UNUSED_FUNCTION = YES;
				GCC_WARN_UNUSED_VARIABLE = YES;
				IPHONEOS_DEPLOYMENT_TARGET = 11.4;
				MTL_ENABLE_DEBUG_INFO = YES;
				ONLY_ACTIVE_ARCH = YES;
				SDKROOT = iphoneos;
				SWIFT_ACTIVE_COMPILATION_CONDITIONS = DEBUG;
				SWIFT_OPTIMIZATION_LEVEL = "-Onone";
			};
			name = Debug;
		};
		3D6B19C5230DEA65009E96C6 /* Release */ = {
			isa = XCBuildConfiguration;
			buildSettings = {
				ALWAYS_SEARCH_USER_PATHS = NO;
				CLANG_ANALYZER_NONNULL = YES;
				CLANG_ANALYZER_NUMBER_OBJECT_CONVERSION = YES_AGGRESSIVE;
				CLANG_CXX_LANGUAGE_STANDARD = "gnu++14";
				CLANG_CXX_LIBRARY = "libc++";
				CLANG_ENABLE_MODULES = YES;
				CLANG_ENABLE_OBJC_ARC = YES;
				CLANG_ENABLE_OBJC_WEAK = YES;
				CLANG_WARN_BLOCK_CAPTURE_AUTORELEASING = YES;
				CLANG_WARN_BOOL_CONVERSION = YES;
				CLANG_WARN_COMMA = YES;
				CLANG_WARN_CONSTANT_CONVERSION = YES;
				CLANG_WARN_DEPRECATED_OBJC_IMPLEMENTATIONS = YES;
				CLANG_WARN_DIRECT_OBJC_ISA_USAGE = YES_ERROR;
				CLANG_WARN_DOCUMENTATION_COMMENTS = YES;
				CLANG_WARN_EMPTY_BODY = YES;
				CLANG_WARN_ENUM_CONVERSION = YES;
				CLANG_WARN_INFINITE_RECURSION = YES;
				CLANG_WARN_INT_CONVERSION = YES;
				CLANG_WARN_NON_LITERAL_NULL_CONVERSION = YES;
				CLANG_WARN_OBJC_IMPLICIT_RETAIN_SELF = YES;
				CLANG_WARN_OBJC_LITERAL_CONVERSION = YES;
				CLANG_WARN_OBJC_ROOT_CLASS = YES_ERROR;
				CLANG_WARN_RANGE_LOOP_ANALYSIS = YES;
				CLANG_WARN_STRICT_PROTOTYPES = YES;
				CLANG_WARN_SUSPICIOUS_MOVE = YES;
				CLANG_WARN_UNGUARDED_AVAILABILITY = YES_AGGRESSIVE;
				CLANG_WARN_UNREACHABLE_CODE = YES;
				CLANG_WARN__DUPLICATE_METHOD_MATCH = YES;
				CODE_SIGN_IDENTITY = "iPhone Developer";
				COPY_PHASE_STRIP = NO;
				DEBUG_INFORMATION_FORMAT = "dwarf-with-dsym";
				ENABLE_NS_ASSERTIONS = NO;
				ENABLE_STRICT_OBJC_MSGSEND = YES;
				GCC_C_LANGUAGE_STANDARD = gnu11;
				GCC_NO_COMMON_BLOCKS = YES;
				GCC_WARN_64_TO_32_BIT_CONVERSION = YES;
				GCC_WARN_ABOUT_RETURN_TYPE = YES_ERROR;
				GCC_WARN_UNDECLARED_SELECTOR = YES;
				GCC_WARN_UNINITIALIZED_AUTOS = YES_AGGRESSIVE;
				GCC_WARN_UNUSED_FUNCTION = YES;
				GCC_WARN_UNUSED_VARIABLE = YES;
				IPHONEOS_DEPLOYMENT_TARGET = 11.4;
				MTL_ENABLE_DEBUG_INFO = NO;
				SDKROOT = iphoneos;
				SWIFT_COMPILATION_MODE = wholemodule;
				SWIFT_OPTIMIZATION_LEVEL = "-O";
				VALIDATE_PRODUCT = YES;
			};
			name = Release;
		};
		3D6B19C7230DEA65009E96C6 /* Debug */ = {
			isa = XCBuildConfiguration;
			buildSettings = {
				ASSETCATALOG_COMPILER_APPICON_NAME = AppIcon;
				CODE_SIGN_STYLE = Automatic;
				INFOPLIST_FILE = Sonido/Info.plist;
				LD_RUNPATH_SEARCH_PATHS = (
					"$(inherited)",
					"@executable_path/Frameworks",
				);
				PRODUCT_BUNDLE_IDENTIFIER = ulsa.edu.Sonido;
				PRODUCT_NAME = "$(TARGET_NAME)";
				SWIFT_VERSION = 4.0;
				TARGETED_DEVICE_FAMILY = "1,2";
			};
			name = Debug;
		};
		3D6B19C8230DEA65009E96C6 /* Release */ = {
			isa = XCBuildConfiguration;
			buildSettings = {
				ASSETCATALOG_COMPILER_APPICON_NAME = AppIcon;
				CODE_SIGN_STYLE = Automatic;
				INFOPLIST_FILE = Sonido/Info.plist;
				LD_RUNPATH_SEARCH_PATHS = (
					"$(inherited)",
					"@executable_path/Frameworks",
				);
				PRODUCT_BUNDLE_IDENTIFIER = ulsa.edu.Sonido;
				PRODUCT_NAME = "$(TARGET_NAME)";
				SWIFT_VERSION = 4.0;
				TARGETED_DEVICE_FAMILY = "1,2";
			};
			name = Release;
		};
		3D6B19CA230DEA65009E96C6 /* Debug */ = {
			isa = XCBuildConfiguration;
			buildSettings = {
				ALWAYS_EMBED_SWIFT_STANDARD_LIBRARIES = YES;
				BUNDLE_LOADER = "$(TEST_HOST)";
				CODE_SIGN_STYLE = Automatic;
				INFOPLIST_FILE = SonidoTests/Info.plist;
				LD_RUNPATH_SEARCH_PATHS = (
					"$(inherited)",
					"@executable_path/Frameworks",
					"@loader_path/Frameworks",
				);
				PRODUCT_BUNDLE_IDENTIFIER = ulsa.edu.SonidoTests;
				PRODUCT_NAME = "$(TARGET_NAME)";
				SWIFT_VERSION = 4.0;
				TARGETED_DEVICE_FAMILY = "1,2";
				TEST_HOST = "$(BUILT_PRODUCTS_DIR)/Sonido.app/Sonido";
			};
			name = Debug;
		};
		3D6B19CB230DEA65009E96C6 /* Release */ = {
			isa = XCBuildConfiguration;
			buildSettings = {
				ALWAYS_EMBED_SWIFT_STANDARD_LIBRARIES = YES;
				BUNDLE_LOADER = "$(TEST_HOST)";
				CODE_SIGN_STYLE = Automatic;
				INFOPLIST_FILE = SonidoTests/Info.plist;
				LD_RUNPATH_SEARCH_PATHS = (
					"$(inherited)",
					"@executable_path/Frameworks",
					"@loader_path/Frameworks",
				);
				PRODUCT_BUNDLE_IDENTIFIER = ulsa.edu.SonidoTests;
				PRODUCT_NAME = "$(TARGET_NAME)";
				SWIFT_VERSION = 4.0;
				TARGETED_DEVICE_FAMILY = "1,2";
				TEST_HOST = "$(BUILT_PRODUCTS_DIR)/Sonido.app/Sonido";
			};
			name = Release;
		};
		3D6B19CD230DEA65009E96C6 /* Debug */ = {
			isa = XCBuildConfiguration;
			buildSettings = {
				ALWAYS_EMBED_SWIFT_STANDARD_LIBRARIES = YES;
				CODE_SIGN_STYLE = Automatic;
				INFOPLIST_FILE = SonidoUITests/Info.plist;
				LD_RUNPATH_SEARCH_PATHS = (
					"$(inherited)",
					"@executable_path/Frameworks",
					"@loader_path/Frameworks",
				);
				PRODUCT_BUNDLE_IDENTIFIER = ulsa.edu.SonidoUITests;
				PRODUCT_NAME = "$(TARGET_NAME)";
				SWIFT_VERSION = 4.0;
				TARGETED_DEVICE_FAMILY = "1,2";
				TEST_TARGET_NAME = Sonido;
			};
			name = Debug;
		};
		3D6B19CE230DEA65009E96C6 /* Release */ = {
			isa = XCBuildConfiguration;
			buildSettings = {
				ALWAYS_EMBED_SWIFT_STANDARD_LIBRARIES = YES;
				CODE_SIGN_STYLE = Automatic;
				INFOPLIST_FILE = SonidoUITests/Info.plist;
				LD_RUNPATH_SEARCH_PATHS = (
					"$(inherited)",
					"@executable_path/Frameworks",
					"@loader_path/Frameworks",
				);
				PRODUCT_BUNDLE_IDENTIFIER = ulsa.edu.SonidoUITests;
				PRODUCT_NAME = "$(TARGET_NAME)";
				SWIFT_VERSION = 4.0;
				TARGETED_DEVICE_FAMILY = "1,2";
				TEST_TARGET_NAME = Sonido;
			};
			name = Release;
		};
/* End XCBuildConfiguration section */

/* Begin XCConfigurationList section */
		3D6B1999230DEA62009E96C6 /* Build configuration list for PBXProject "Sonido" */ = {
			isa = XCConfigurationList;
			buildConfigurations = (
				3D6B19C4230DEA65009E96C6 /* Debug */,
				3D6B19C5230DEA65009E96C6 /* Release */,
			);
			defaultConfigurationIsVisible = 0;
			defaultConfigurationName = Release;
		};
		3D6B19C6230DEA65009E96C6 /* Build configuration list for PBXNativeTarget "Sonido" */ = {
			isa = XCConfigurationList;
			buildConfigurations = (
				3D6B19C7230DEA65009E96C6 /* Debug */,
				3D6B19C8230DEA65009E96C6 /* Release */,
			);
			defaultConfigurationIsVisible = 0;
			defaultConfigurationName = Release;
		};
		3D6B19C9230DEA65009E96C6 /* Build configuration list for PBXNativeTarget "SonidoTests" */ = {
			isa = XCConfigurationList;
			buildConfigurations = (
				3D6B19CA230DEA65009E96C6 /* Debug */,
				3D6B19CB230DEA65009E96C6 /* Release */,
			);
			defaultConfigurationIsVisible = 0;
			defaultConfigurationName = Release;
		};
		3D6B19CC230DEA65009E96C6 /* Build configuration list for PBXNativeTarget "SonidoUITests" */ = {
			isa = XCConfigurationList;
			buildConfigurations = (
				3D6B19CD230DEA65009E96C6 /* Debug */,
				3D6B19CE230DEA65009E96C6 /* Release */,
			);
			defaultConfigurationIsVisible = 0;
			defaultConfigurationName = Release;
		};
/* End XCConfigurationList section */
	};
	rootObject = 3D6B1996230DEA62009E96C6 /* Project object */;
}
